Microsoft Visual Studio Solution File, Format Version 12.00
# Visual Studio Version 17
VisualStudioVersion = 17.5.2.0
MinimumVisualStudioVersion = 10.0.40219.1
Project("{2150E333-8FDC-42A3-9474-1A3956D46DE8}") = "back_end", "back_end", "{D2043AFF-54BF-C2E6-1270-7443933C929B}"
EndProject
Project("{FAE04EC0-301F-11D3-BF4B-00C04F79EFBC}") = "api", "back_end\api\api.csproj", "{47FBCC00-216A-1D52-4988-70892D719774}"
EndProject
Global
	GlobalSection(SolutionConfigurationPlatforms) = preSolution
		Debug|Any CPU = Debug|Any CPU
		Release|Any CPU = Release|Any CPU
	EndGlobalSection
	GlobalSection(ProjectConfigurationPlatforms) = postSolution
		{47FBCC00-216A-1D52-4988-70892D719774}.Debug|Any CPU.ActiveCfg = Debug|Any CPU
		{47FBCC00-216A-1D52-4988-70892D719774}.Debug|Any CPU.Build.0 = Debug|Any CPU
		{47FBCC00-216A-1D52-4988-70892D719774}.Release|Any CPU.ActiveCfg = Release|Any CPU
		{47FBCC00-216A-1D52-4988-70892D719774}.Release|Any CPU.Build.0 = Release|Any CPU
	EndGlobalSection
	GlobalSection(SolutionProperties) = preSolution
		HideSolutionNode = FALSE
	EndGlobalSection
	GlobalSection(NestedProjects) = preSolution
		{47FBCC00-216A-1D52-4988-70892D719774} = {D2043AFF-54BF-C2E6-1270-7443933C929B}
	EndGlobalSection
	GlobalSection(ExtensibilityGlobals) = postSolution
		SolutionGuid = {596FDB87-B164-43B6-B38D-35982845BCAB}
	EndGlobalSection
EndGlobal
